# THIS IS AN AUTOGENERATED FILE. DO NOT EDIT THIS FILE DIRECTLY.
# yarn lockfile v1


"@vuepress/plugin-blog@^1.2.4":
  version "1.2.4"
  resolved "https://registry.yarnpkg.com/@vuepress/plugin-blog/-/plugin-blog-1.2.4.tgz#3ff97eebb3044991cd0d0f780c02355f64fac4a2"
  integrity sha512-I6OhDm66QDsRH7er3uYQGTglTQWvdZukqpvMHiMSAqqL6fcPGGxnsQTzhxUZMg1L3PTK2nmaGQL88tiIxYZhmQ==
  dependencies:
    vuejs-paginate "^2.1.0"

"@vuepress/plugin-google-analytics@^1.0.3":
  version "1.0.3"
  resolved "https://registry.yarnpkg.com/@vuepress/plugin-google-analytics/-/plugin-google-analytics-1.0.3.tgz#2c36584d473d6d21b0880719afc83bd5b40e778b"
  integrity sha512-mqFFQSJjQp5zscZJ0Ik+YDLV7sZSAO8w13CG8c5WsUCjy+0oWhqAw/NjpVrEK8Y/PdYPe4l/OE5jMUU5AqRRjg==

"@vuepress/plugin-nprogress@^1.0.3":
  version "1.0.3"
  resolved "https://registry.yarnpkg.com/@vuepress/plugin-nprogress/-/plugin-nprogress-1.0.3.tgz#a0d6913193c933171b4695bf153efb0c29a76421"
  integrity sha512-F7+R9EcBV0MT7dn06sUhGpsE7dzkT/eVLBNDqN3hDBedhu1XV8Ch5JYYGXKGFHrRdtDmiwyvEl4W6L6uzCVT4Q==
  dependencies:
    nprogress "^0.2.0"

"@vuepress/plugin-search@^1.0.3":
  version "1.0.3"
  resolved "https://registry.yarnpkg.com/@vuepress/plugin-search/-/plugin-search-1.0.3.tgz#f8cd98380cc00db067fb243e4fd298c6b8b7179a"
  integrity sha512-CD4G6BrKtS6JS9DzPMbwwovanaKMhj/KN6Bv7P5oY5inWTl3lE9KOjzr1YUkoA6wL6f69EfdB5B7cdO2d47n/w==

feed@2.0.4:
  version "2.0.4"
  resolved "https://registry.yarnpkg.com/feed/-/feed-2.0.4.tgz#14cd71b3bae1e965b81f7e0c5927e8941de996f8"
  integrity sha512-sWatfulDP6d18qVaWcu34qmq9ml6UeN6nHSBJpNZ2muBqxjPAdT375whPYAHP+gqLfyabtYU5qf2Dv4nqtlp0w==
  dependencies:
    luxon "^1.3.3"
    xml "^1.0.1"

lodash.defaultsdeep@4.6.0:
  version "4.6.0"
  resolved "https://registry.yarnpkg.com/lodash.defaultsdeep/-/lodash.defaultsdeep-4.6.0.tgz#bec1024f85b1bd96cbea405b23c14ad6443a6f81"
  integrity sha1-vsECT4WxvZbL6kBbI8FK1kQ6b4E=

lodash.isempty@4.4.0:
  version "4.4.0"
  resolved "https://registry.yarnpkg.com/lodash.isempty/-/lodash.isempty-4.4.0.tgz#6f86cbedd8be4ec987be9aaf33c9684db1b31e7e"
  integrity sha1-b4bL7di+TsmHvpqvM8loTbGzHn4=

luxon@^1.3.3:
  version "1.17.2"
  resolved "https://registry.yarnpkg.com/luxon/-/luxon-1.17.2.tgz#95189c450341cfddf5f826ef8c32b5b022943fd5"
  integrity sha512-qELKtIj3HD41N+MvgoxArk8DZGUb4Gpiijs91oi+ZmKJzRlxY6CoyTwNoUwnogCVs4p8HuxVJDik9JbnYgrCng==

markdown-it-container@^2.0.0:
  version "2.0.0"
  resolved "https://registry.yarnpkg.com/markdown-it-container/-/markdown-it-container-2.0.0.tgz#0019b43fd02eefece2f1960a2895fba81a404695"
  integrity sha1-ABm0P9Au7+zi8ZYKKJX7qBpARpU=

nprogress@^0.2.0:
  version "0.2.0"
  resolved "https://registry.yarnpkg.com/nprogress/-/nprogress-0.2.0.tgz#cb8f34c53213d895723fcbab907e9422adbcafb1"
  integrity sha1-y480xTIT2JVyP8urkH6UIq28r7E=

reading-time@1.1.3:
  version "1.1.3"
  resolved "https://registry.yarnpkg.com/reading-time/-/reading-time-1.1.3.tgz#47de143074245be6f65e2b3c9b63b78d9ab8ec7a"
  integrity sha512-SYy+cuoGy1MTLjIbgwTZ+DkDiDq/dE1OnqBQFYytXgNWRZROuqtBdu7HoJ+HbGMnoAinOHnHnqbEUYnpSho5aA==

remove-markdown@0.3.0:
  version "0.3.0"
  resolved "https://registry.yarnpkg.com/remove-markdown/-/remove-markdown-0.3.0.tgz#5e4b667493a93579728f3d52ecc1db9ca505dc98"
  integrity sha1-XktmdJOpNXlyjz1S7MHbnKUF3Jg=

striptags@3.1.1:
  version "3.1.1"
  resolved "https://registry.yarnpkg.com/striptags/-/striptags-3.1.1.tgz#c8c3e7fdd6fb4bb3a32a3b752e5b5e3e38093ebd"
  integrity sha1-yMPn/db7S7OjKjt1LltePjgJPr0=

vuejs-paginate@^2.1.0:
  version "2.1.0"
  resolved "https://registry.yarnpkg.com/vuejs-paginate/-/vuejs-paginate-2.1.0.tgz#93e1ad1539b713a688c7a2d3080bda60fcc6c77d"
  integrity sha512-gnwyXlmCiDOu9MLWxN5UJ4PGijKGNOMpHG8ujsrynCzTJljn/rp7Jq0WiDGDAMi5/u0AHuYIHhced+tUW4jblA==

vuepress-plugin-container@^2.0.2:
  version "2.0.2"
  resolved "https://registry.yarnpkg.com/vuepress-plugin-container/-/vuepress-plugin-container-2.0.2.tgz#3489cc732c7a210b31f202556e1346125dffeb73"
  integrity sha512-SrGYYT7lkie7xlIlAVhn+9sDW42MytNCoxWL/2uDr+q9wZA4h1uYlQvfc2DVjy+FsM9PPPSslkeo/zCpYVY82g==
  dependencies:
    markdown-it-container "^2.0.0"

vuepress-plugin-feed@^0.1.6:
  version "0.1.6"
  resolved "https://registry.yarnpkg.com/vuepress-plugin-feed/-/vuepress-plugin-feed-0.1.6.tgz#d433ee956438a1acdcbbe8c8c9125ee6c4fed478"
  integrity sha512-1eNtvOC+QxeIpeLbffNkqxXEbGJzTzjmAdduXdL0qJh0FHhF24XnfPtMtth1k5WX/hNcSfTKvf2yGWqNihRgQg==
  dependencies:
    feed "2.0.4"
    lodash.defaultsdeep "4.6.0"
    lodash.isempty "4.4.0"
    remove-markdown "0.3.0"
    striptags "3.1.1"

vuepress-plugin-reading-time@^0.1.1:
  version "0.1.1"
  resolved "https://registry.yarnpkg.com/vuepress-plugin-reading-time/-/vuepress-plugin-reading-time-0.1.1.tgz#3ea3dcded424a00c1d5175a50af8d5694899f1ea"
  integrity sha512-j94utmn4nojYWyOVqfUF3eLWOMTAmZpR0G1gUlmast6KFu/VLevJvxFgJfa6DVaSlTpUH1DMLYspcjLv5pHhDw==
  dependencies:
    reading-time "1.1.3"

xml@^1.0.1:
  version "1.0.1"
  resolved "https://registry.yarnpkg.com/xml/-/xml-1.0.1.tgz#78ba72020029c5bc87b8a81a3cfcd74b4a2fc1e5"
  integrity sha1-eLpyAgApxbyHuKgaPPzXS0ovweU=
